hash: bec7dc709ea720c6afe9ecceb86df859ff9c865037d35619be926e3ae2a2f615
updated: 2017-02-28T23:49:50.498135279+02:00
imports:
- name: github.com/dgrijalva/jwt-go
  version: 2268707a8f0843315e2004ee4f1d021dc08baedf
- name: github.com/labstack/echo
  version: 8d504c1b699c757b267255c53b3e5219f9974abc
  subpackages:
  - middleware
- name: github.com/labstack/gommon
  version: e8995fb26e646187d33cff439b18609cfba23088
  subpackages:
  - bytes
  - color
  - log
  - random
- name: github.com/mattn/go-colorable
  version: d898aa9fb31c91f35dd28ca75db377eff023c076
- name: github.com/mattn/go-isatty
  version: dda3de49cbfcec471bd7a70e6cc01fcc3ff90109
- name: github.com/tylerb/graceful
  version: d72b0151351a13d0421b763b88f791469c4f5dc7
- name: github.com/valyala/bytebufferpool
  version: e746df99fe4a3986f4d4f79e13c1e0117ce9c2f7
- name: github.com/valyala/fasttemplate
  version: dcecefd839c4193db0d35b88ec65b4c12d360ab0
- name: golang.org/x/crypto
  version: 453249f01cfeb54c3d549ddb75ff152ca243f9d8
  subpackages:
  - acme
  - acme/autocert
- name: golang.org/x/net
  version: 906cda9512f77671ab44f8c8563b13a8e707b230
  subpackages:
  - context
  - context/ctxhttp
- name: golang.org/x/sys
  version: e4594059fe4cde2daf423055a596c2cd1e6c9adf
  subpackages:
  - unix
testImports: []
